{
  "name": "openai-gpt-5.6-sol-pro-lumen-tide",
  "version": "1.0.0",
  "lockfileVersion": 3,
  "requires": true,
  "packages": {
    "": {
      "name": "openai-gpt-5.6-sol-pro-lumen-tide",
      "version": "1.0.0",
      "dependencies": {
        "three": "0.170.0"
      },
      "engines": {
        "node": ">=18"
      }
    },
    "node_modules/three": {
      "version": "0.170.0",
      "resolved": "https://registry.npmjs.org/three/-/three-0.170.0.tgz"
    }
  }
}
